
Microsoft Visual Studio Solution File, Format Version 12.00
# Visual Studio Version 16
VisualStudioVersion = 16.0.31829.152
MinimumVisualStudioVersion = 10.0.40219.1
Project("{2150E333-8FDC-42A3-9474-1A3956D46DE8}") = "Solution Items", "Solution Items", "{F4D06ABC-727B-4E46-B239-F0F20C172157}"
	ProjectSection(SolutionItems) = preProject
		Readme.md = Readme.md
	EndProjectSection
EndProject
Project("{9A19103F-16F7-4668-BE54-9A1E7A4F7556}") = "RmWorkPlanningNUnits", "RmWorkPlanningNUnits\RmWorkPlanningNUnits.csproj", "{F67BB1C7-1265-4EAB-9409-CEB5DEFF0076}"
	ProjectSection(ProjectDependencies) = postProject
		{BEC79906-ACBE-4E4A-B3F0-539CF5F55244} = {BEC79906-ACBE-4E4A-B3F0-539CF5F55244}
	EndProjectSection
EndProject
Project("{FAE04EC0-301F-11D3-BF4B-00C04F79EFBC}") = "RmWorkPlanningApp", "SampleWebApplication\RmWorkPlanningApp.csproj", "{BEC79906-ACBE-4E4A-B3F0-539CF5F55244}"
EndProject
Global
	GlobalSection(SolutionConfigurationPlatforms) = preSolution
		Debug|Any CPU = Debug|Any CPU
		Release|Any CPU = Release|Any CPU
	EndGlobalSection
	GlobalSection(ProjectConfigurationPlatforms) = postSolution
		{F67BB1C7-1265-4EAB-9409-CEB5DEFF0076}.Debug|Any CPU.ActiveCfg = Debug|Any CPU
		{F67BB1C7-1265-4EAB-9409-CEB5DEFF0076}.Debug|Any CPU.Build.0 = Debug|Any CPU
		{F67BB1C7-1265-4EAB-9409-CEB5DEFF0076}.Release|Any CPU.ActiveCfg = Release|Any CPU
		{F67BB1C7-1265-4EAB-9409-CEB5DEFF0076}.Release|Any CPU.Build.0 = Release|Any CPU
		{BEC79906-ACBE-4E4A-B3F0-539CF5F55244}.Debug|Any CPU.ActiveCfg = Debug|Any CPU
		{BEC79906-ACBE-4E4A-B3F0-539CF5F55244}.Debug|Any CPU.Build.0 = Debug|Any CPU
		{BEC79906-ACBE-4E4A-B3F0-539CF5F55244}.Release|Any CPU.ActiveCfg = Release|Any CPU
		{BEC79906-ACBE-4E4A-B3F0-539CF5F55244}.Release|Any CPU.Build.0 = Release|Any CPU
	EndGlobalSection
	GlobalSection(SolutionProperties) = preSolution
		HideSolutionNode = FALSE
	EndGlobalSection
	GlobalSection(ExtensibilityGlobals) = postSolution
		SolutionGuid = {32372ADD-04FE-41BE-A665-45281B44817D}
	EndGlobalSection
EndGlobal
